// !$*UTF8*$!
{
	archiveVersion = 1;
	classes = {
	};
	objectVersion = 50;
	objects = {

/* Begin PBXBuildFile section */
		44AE7C5F25C083BC00C69F75 /* AppDelegate.swift in Sources */ = {isa = PBXBuildFile; fileRef = 44AE7C5E25C083BC00C69F75 /* AppDelegate.swift */; };
		44AE7C6125C083BC00C69F75 /* SceneDelegate.swift in Sources */ = {isa = PBXBuildFile; fileRef = 44AE7C6025C083BC00C69F75 /* SceneDelegate.swift */; };
		44AE7C6325C083BC00C69F75 /* ViewController.swift in Sources */ = {isa = PBXBuildFile; fileRef = 44AE7C6225C083BC00C69F75 /* ViewController.swift */; };
		44AE7C6625C083BC00C69F75 /* Main.storyboard in Resources */ = {isa = PBXBuildFile; fileRef = 44AE7C6425C083BC00C69F75 /* Main.storyboard */; };
		44AE7C6825C083BE00C69F75 /* Assets.xcassets in Resources */ = {isa = PBXBuildFile; fileRef = 44AE7C6725C083BE00C69F75 /* Assets.xcassets */; };
		44AE7C6B25C083BE00C69F75 /* LaunchScreen.storyboard in Resources */ = {isa = PBXBuildFile; fileRef = 44AE7C6925C083BE00C69F75 /* LaunchScreen.storyboard */; };
		44AE7C7625C083BE00C69F75 /* ChoiceFlagTests.swift in Sources */ = {isa = PBXBuildFile; fileRef = 44AE7C7525C083BE00C69F75 /* ChoiceFlagTests.swift */; };
		44AE7C8125C083BE00C69F75 /* ChoiceFlagUITests.swift in Sources */ = {isa = PBXBuildFile; fileRef = 44AE7C8025C083BE00C69F75 /* ChoiceFlagUITests.swift */; };
/* End PBXBuildFile section */

/* Begin PBXContainerItemProxy section */
		44AE7C7225C083BE00C69F75 /* PBXContainerItemProxy */ = {
			isa = PBXContainerItemProxy;
			containerPortal = 44AE7C5325C083BC00C69F75 /* Project object */;
			proxyType = 1;
			remoteGlobalIDString = 44AE7C5A25C083BC00C69F75;
			remoteInfo = ChoiceFlag;
		};
		44AE7C7D25C083BE00C69F75 /* PBXContainerItemProxy */ = {
			isa = PBXContainerItemProxy;
			containerPortal = 44AE7C5325C083BC00C69F75 /* Project object */;
			proxyType = 1;
			remoteGlobalIDString = 44AE7C5A25C083BC00C69F75;
			remoteInfo = ChoiceFlag;
		};
/* End PBXContainerItemProxy section */

/* Begin PBXFileReference section */
		44AE7C5B25C083BC00C69F75 /* ChoiceFlag.app */ = {isa = PBXFileReference; explicitFileType = wrapper.application; includeInIndex = 0; path = ChoiceFlag.app; sourceTree = BUILT_PRODUCTS_DIR; };
		44AE7C5E25C083BC00C69F75 /* AppDelegate.swift */ = {isa = PBXFileReference; lastKnownFileType = sourcecode.swift; path = AppDelegate.swift; sourceTree = "<group>"; };
		44AE7C6025C083BC00C69F75 /* SceneDelegate.swift */ = {isa = PBXFileReference; lastKnownFileType = sourcecode.swift; path = SceneDelegate.swift; sourceTree = "<group>"; };
		44AE7C6225C083BC00C69F75 /* ViewController.swift */ = {isa = PBXFileReference; lastKnownFileType = sourcecode.swift; path = ViewController.swift; sourceTree = "<group>"; };
		44AE7C6525C083BC00C69F75 /* Base */ = {isa = PBXFileReference; lastKnownFileType = file.storyboard; name = Base; path = Base.lproj/Main.storyboard; sourceTree = "<group>"; };
		44AE7C6725C083BE00C69F75 /* Assets.xcassets */ = {isa = PBXFileReference; lastKnownFileType = folder.assetcatalog; path = Assets.xcassets; sourceTree = "<group>"; };
		44AE7C6A25C083BE00C69F75 /* Base */ = {isa = PBXFileReference; lastKnownFileType = file.storyboard; name = Base; path = Base.lproj/LaunchScreen.storyboard; sourceTree = "<group>"; };
		44AE7C6C25C083BE00C69F75 /* Info.plist */ = {isa = PBXFileReference; lastKnownFileType = text.plist.xml; path = Info.plist; sourceTree = "<group>"; };
		44AE7C7125C083BE00C69F75 /* ChoiceFlagTests.xctest */ = {isa = PBXFileReference; explicitFileType = wrapper.cfbundle; includeInIndex = 0; path = ChoiceFlagTests.xctest; sourceTree = BUILT_PRODUCTS_DIR; };
		44AE7C7525C083BE00C69F75 /* ChoiceFlagTests.swift */ = {isa = PBXFileReference; lastKnownFileType = sourcecode.swift; path = ChoiceFlagTests.swift; sourceTree = "<group>"; };
		44AE7C7725C083BE00C69F75 /* Info.plist */ = {isa = PBXFileReference; lastKnownFileType = text.plist.xml; path = Info.plist; sourceTree = "<group>"; };
		44AE7C7C25C083BE00C69F75 /* ChoiceFlagUITests.xctest */ = {isa = PBXFileReference; explicitFileType = wrapper.cfbundle; includeInIndex = 0; path = ChoiceFlagUITests.xctest; sourceTree = BUILT_PRODUCTS_DIR; };
		44AE7C8025C083BE00C69F75 /* ChoiceFlagUITests.swift */ = {isa = PBXFileReference; lastKnownFileType = sourcecode.swift; path = ChoiceFlagUITests.swift; sourceTree = "<group>"; };
		44AE7C8225C083BE00C69F75 /* Info.plist */ = {isa = PBXFileReference; lastKnownFileType = text.plist.xml; path = Info.plist; sourceTree = "<group>"; };
/* End PBXFileReference section */

/* Begin PBXFrameworksBuildPhase section */
		44AE7C5825C083BC00C69F75 /* Frameworks */ = {
			isa = PBXFrameworksBuildPhase;
			buildActionMask = 2147483647;
			files = (
			);
			runOnlyForDeploymentPostprocessing = 0;
		};
		44AE7C6E25C083BE00C69F75 /* Frameworks */ = {
			isa = PBXFrameworksBuildPhase;
			buildActionMask = 2147483647;
			files = (
			);
			runOnlyForDeploymentPostprocessing = 0;
		};
		44AE7C7925C083BE00C69F75 /* Frameworks */ = {
			isa = PBXFrameworksBuildPhase;
			buildActionMask = 2147483647;
			files = (
			);
			runOnlyForDeploymentPostprocessing = 0;
		};
/* End PBXFrameworksBuildPhase section */

/* Begin PBXGroup section */
		44AE7C5225C083BC00C69F75 = {
			isa = PBXGroup;
			children = (
				44AE7C5D25C083BC00C69F75 /* ChoiceFlag */,
				44AE7C7425C083BE00C69F75 /* ChoiceFlagTests */,
				44AE7C7F25C083BE00C69F75 /* ChoiceFlagUITests */,
				44AE7C5C25C083BC00C69F75 /* Products */,
			);
			sourceTree = "<group>";
		};
		44AE7C5C25C083BC00C69F75 /* Products */ = {
			isa = PBXGroup;
			children = (
				44AE7C5B25C083BC00C69F75 /* ChoiceFlag.app */,
				44AE7C7125C083BE00C69F75 /* ChoiceFlagTests.xctest */,
				44AE7C7C25C083BE00C69F75 /* ChoiceFlagUITests.xctest */,
			);
			name = Products;
			sourceTree = "<group>";
		};
		44AE7C5D25C083BC00C69F75 /* ChoiceFlag */ = {
			isa = PBXGroup;
			children = (
				44AE7C5E25C083BC00C69F75 /* AppDelegate.swift */,
				44AE7C6025C083BC00C69F75 /* SceneDelegate.swift */,
				44AE7C6225C083BC00C69F75 /* ViewController.swift */,
				44AE7C6425C083BC00C69F75 /* Main.storyboard */,
				44AE7C6725C083BE00C69F75 /* Assets.xcassets */,
				44AE7C6925C083BE00C69F75 /* LaunchScreen.storyboard */,
				44AE7C6C25C083BE00C69F75 /* Info.plist */,
			);
			path = ChoiceFlag;
			sourceTree = "<group>";
		};
		44AE7C7425C083BE00C69F75 /* ChoiceFlagTests */ = {
			isa = PBXGroup;
			children = (
				44AE7C7525C083BE00C69F75 /* ChoiceFlagTests.swift */,
				44AE7C7725C083BE00C69F75 /* Info.plist */,
			);
			path = ChoiceFlagTests;
			sourceTree = "<group>";
		};
		44AE7C7F25C083BE00C69F75 /* ChoiceFlagUITests */ = {
			isa = PBXGroup;
			children = (
				44AE7C8025C083BE00C69F75 /* ChoiceFlagUITests.swift */,
				44AE7C8225C083BE00C69F75 /* Info.plist */,
			);
			path = ChoiceFlagUITests;
			sourceTree = "<group>";
		};
/* End PBXGroup section */

/* Begin PBXNativeTarget section */
		44AE7C5A25C083BC00C69F75 /* ChoiceFlag */ = {
			isa = PBXNativeTarget;
			buildConfigurationList = 44AE7C8525C083BE00C69F75 /* Build configuration list for PBXNativeTarget "ChoiceFlag" */;
			buildPhases = (
				44AE7C5725C083BC00C69F75 /* Sources */,
				44AE7C5825C083BC00C69F75 /* Frameworks */,
				44AE7C5925C083BC00C69F75 /* Resources */,
			);
			buildRules = (
			);
			dependencies = (
			);
			name = ChoiceFlag;
			productName = ChoiceFlag;
			productReference = 44AE7C5B25C083BC00C69F75 /* ChoiceFlag.app */;
			productType = "com.apple.product-type.application";
		};
		44AE7C7025C083BE00C69F75 /* ChoiceFlagTests */ = {
			isa = PBXNativeTarget;
			buildConfigurationList = 44AE7C8825C083BE00C69F75 /* Build configuration list for PBXNativeTarget "ChoiceFlagTests" */;
			buildPhases = (
				44AE7C6D25C083BE00C69F75 /* Sources */,
				44AE7C6E25C083BE00C69F75 /* Frameworks */,
				44AE7C6F25C083BE00C69F75 /* Resources */,
			);
			buildRules = (
			);
			dependencies = (
				44AE7C7325C083BE00C69F75 /* PBXTargetDependency */,
			);
			name = ChoiceFlagTests;
			productName = ChoiceFlagTests;
			productReference = 44AE7C7125C083BE00C69F75 /* ChoiceFlagTests.xctest */;
			productType = "com.apple.product-type.bundle.unit-test";
		};
		44AE7C7B25C083BE00C69F75 /* ChoiceFlagUITests */ = {
			isa = PBXNativeTarget;
			buildConfigurationList = 44AE7C8B25C083BE00C69F75 /* Build configuration list for PBXNativeTarget "ChoiceFlagUITests" */;
			buildPhases = (
				44AE7C7825C083BE00C69F75 /* Sources */,
				44AE7C7925C083BE00C69F75 /* Frameworks */,
				44AE7C7A25C083BE00C69F75 /* Resources */,
			);
			buildRules = (
			);
			dependencies = (
				44AE7C7E25C083BE00C69F75 /* PBXTargetDependency */,
			);
			name = ChoiceFlagUITests;
			productName = ChoiceFlagUITests;
			productReference = 44AE7C7C25C083BE00C69F75 /* ChoiceFlagUITests.xctest */;
			productType = "com.apple.product-type.bundle.ui-testing";
		};
/* End PBXNativeTarget section */

/* Begin PBXProject section */
		44AE7C5325C083BC00C69F75 /* Project object */ = {
			isa = PBXProject;
			attributes = {
				LastSwiftUpdateCheck = 1230;
				LastUpgradeCheck = 1230;
				TargetAttributes = {
					44AE7C5A25C083BC00C69F75 = {
						CreatedOnToolsVersion = 12.3;
					};
					44AE7C7025C083BE00C69F75 = {
						CreatedOnToolsVersion = 12.3;
						TestTargetID = 44AE7C5A25C083BC00C69F75;
					};
					44AE7C7B25C083BE00C69F75 = {
						CreatedOnToolsVersion = 12.3;
						TestTargetID = 44AE7C5A25C083BC00C69F75;
					};
				};
			};
			buildConfigurationList = 44AE7C5625C083BC00C69F75 /* Build configuration list for PBXProject "ChoiceFlag" */;
			compatibilityVersion = "Xcode 9.3";
			developmentRegion = en;
			hasScannedForEncodings = 0;
			knownRegions = (
				en,
				Base,
			);
			mainGroup = 44AE7C5225C083BC00C69F75;
			productRefGroup = 44AE7C5C25C083BC00C69F75 /* Products */;
			projectDirPath = "";
			projectRoot = "";
			targets = (
				44AE7C5A25C083BC00C69F75 /* ChoiceFlag */,
				44AE7C7025C083BE00C69F75 /* ChoiceFlagTests */,
				44AE7C7B25C083BE00C69F75 /* ChoiceFlagUITests */,
			);
		};
/* End PBXProject section */

/* Begin PBXResourcesBuildPhase section */
		44AE7C5925C083BC00C69F75 /* Resources */ = {
			isa = PBXResourcesBuildPhase;
			buildActionMask = 2147483647;
			files = (
				44AE7C6B25C083BE00C69F75 /* LaunchScreen.storyboard in Resources */,
				44AE7C6825C083BE00C69F75 /* Assets.xcassets in Resources */,
				44AE7C6625C083BC00C69F75 /* Main.storyboard in Resources */,
			);
			runOnlyForDeploymentPostprocessing = 0;
		};
		44AE7C6F25C083BE00C69F75 /* Resources */ = {
			isa = PBXResourcesBuildPhase;
			buildActionMask = 2147483647;
			files = (
			);
			runOnlyForDeploymentPostprocessing = 0;
		};
		44AE7C7A25C083BE00C69F75 /* Resources */ = {
			isa = PBXResourcesBuildPhase;
			buildActionMask = 2147483647;
			files = (
			);
			runOnlyForDeploymentPostprocessing = 0;
		};
/* End PBXResourcesBuildPhase section */

/* Begin PBXSourcesBuildPhase section */
		44AE7C5725C083BC00C69F75 /* Sources */ = {
			isa = PBXSourcesBuildPhase;
			buildActionMask = 2147483647;
			files = (
				44AE7C6325C083BC00C69F75 /* ViewController.swift in Sources */,
				44AE7C5F25C083BC00C69F75 /* AppDelegate.swift in Sources */,
				44AE7C6125C083BC00C69F75 /* SceneDelegate.swift in Sources */,
			);
			runOnlyForDeploymentPostprocessing = 0;
		};
		44AE7C6D25C083BE00C69F75 /* Sources */ = {
			isa = PBXSourcesBuildPhase;
			buildActionMask = 2147483647;
			files = (
				44AE7C7625C083BE00C69F75 /* ChoiceFlagTests.swift in Sources */,
			);
			runOnlyForDeploymentPostprocessing = 0;
		};
		44AE7C7825C083BE00C69F75 /* Sources */ = {
			isa = PBXSourcesBuildPhase;
			buildActionMask = 2147483647;
			files = (
				44AE7C8125C083BE00C69F75 /* ChoiceFlagUITests.swift in Sources */,
			);
			runOnlyForDeploymentPostprocessing = 0;
		};
/* End PBXSourcesBuildPhase section */

/* Begin PBXTargetDependency section */
		44AE7C7325C083BE00C69F75 /* PBXTargetDependency */ = {
			isa = PBXTargetDependency;
			target = 44AE7C5A25C083BC00C69F75 /* ChoiceFlag */;
			targetProxy = 44AE7C7225C083BE00C69F75 /* PBXContainerItemProxy */;
		};
		44AE7C7E25C083BE00C69F75 /* PBXTargetDependency */ = {
			isa = PBXTargetDependency;
			target = 44AE7C5A25C083BC00C69F75 /* ChoiceFlag */;
			targetProxy = 44AE7C7D25C083BE00C69F75 /* PBXContainerItemProxy */;
		};
/* End PBXTargetDependency section */

/* Begin PBXVariantGroup section */
		44AE7C6425C083BC00C69F75 /* Main.storyboard */ = {
			isa = PBXVariantGroup;
			children = (
				44AE7C6525C083BC00C69F75 /* Base */,
			);
			name = Main.storyboard;
			sourceTree = "<group>";
		};
		44AE7C6925C083BE00C69F75 /* LaunchScreen.storyboard */ = {
			isa = PBXVariantGroup;
			children = (
				44AE7C6A25C083BE00C69F75 /* Base */,
			);
			name = LaunchScreen.storyboard;
			sourceTree = "<group>";
		};
/* End PBXVariantGroup section */

/* Begin XCBuildConfiguration section */
		44AE7C8325C083BE00C69F75 /* Debug */ = {
			isa = XCBuildConfiguration;
			buildSettings = {
				ALWAYS_SEARCH_USER_PATHS = NO;
				CLANG_ANALYZER_NONNULL = YES;
				CLANG_ANALYZER_NUMBER_OBJECT_CONVERSION = YES_AGGRESSIVE;
				CLANG_CXX_LANGUAGE_STANDARD = "gnu++14";
				CLANG_CXX_LIBRARY = "libc++";
				CLANG_ENABLE_MODULES = YES;
				CLANG_ENABLE_OBJC_ARC = YES;
				CLANG_ENABLE_OBJC_WEAK = YES;
				CLANG_WARN_BLOCK_CAPTURE_AUTORELEASING = YES;
				CLANG_WARN_BOOL_CONVERSION = YES;
				CLANG_WARN_COMMA = YES;
				CLANG_WARN_CONSTANT_CONVERSION = YES;
				CLANG_WARN_DEPRECATED_OBJC_IMPLEMENTATIONS = YES;
				CLANG_WARN_DIRECT_OBJC_ISA_USAGE = YES_ERROR;
				CLANG_WARN_DOCUMENTATION_COMMENTS = YES;
				CLANG_WARN_EMPTY_BODY = YES;
				CLANG_WARN_ENUM_CONVERSION = YES;
				CLANG_WARN_INFINITE_RECURSION = YES;
				CLANG_WARN_INT_CONVERSION = YES;
				CLANG_WARN_NON_LITERAL_NULL_CONVERSION = YES;
				CLANG_WARN_OBJC_IMPLICIT_RETAIN_SELF = YES;
				CLANG_WARN_OBJC_LITERAL_CONVERSION = YES;
				CLANG_WARN_OBJC_ROOT_CLASS = YES_ERROR;
				CLANG_WARN_QUOTED_INCLUDE_IN_FRAMEWORK_HEADER = YES;
				CLANG_WARN_RANGE_LOOP_ANALYSIS = YES;
				CLANG_WARN_STRICT_PROTOTYPES = YES;
				CLANG_WARN_SUSPICIOUS_MOVE = YES;
				CLANG_WARN_UNGUARDED_AVAILABILITY = YES_AGGRESSIVE;
				CLANG_WARN_UNREACHABLE_CODE = YES;
				CLANG_WARN__DUPLICATE_METHOD_MATCH = YES;
				COPY_PHASE_STRIP = NO;
				DEBUG_INFORMATION_FORMAT = dwarf;
				ENABLE_STRICT_OBJC_MSGSEND = YES;
				ENABLE_TESTABILITY = YES;
				GCC_C_LANGUAGE_STANDARD = gnu11;
				GCC_DYNAMIC_NO_PIC = NO;
				GCC_NO_COMMON_BLOCKS = YES;
				GCC_OPTIMIZATION_LEVEL = 0;
				GCC_PREPROCESSOR_DEFINITIONS = (
					"DEBUG=1",
					"$(inherited)",
				);
				GCC_WARN_64_TO_32_BIT_CONVERSION = YES;
				GCC_WARN_ABOUT_RETURN_TYPE = YES_ERROR;
				GCC_WARN_UNDECLARED_SELECTOR = YES;
				GCC_WARN_UNINITIALIZED_AUTOS = YES_AGGRESSIVE;
				GCC_WARN_UNUSED_FUNCTION = YES;
				GCC_WARN_UNUSED_VARIABLE = YES;
				IPHONEOS_DEPLOYMENT_TARGET = 14.3;
				MTL_ENABLE_DEBUG_INFO = INCLUDE_SOURCE;
				MTL_FAST_MATH = YES;
				ONLY_ACTIVE_ARCH = YES;
				SDKROOT = iphoneos;
				SWIFT_ACTIVE_COMPILATION_CONDITIONS = DEBUG;
				SWIFT_OPTIMIZATION_LEVEL = "-Onone";
			};
			name = Debug;
		};
		44AE7C8425C083BE00C69F75 /* Release */ = {
			isa = XCBuildConfiguration;
			buildSettings = {
				ALWAYS_SEARCH_USER_PATHS = NO;
				CLANG_ANALYZER_NONNULL = YES;
				CLANG_ANALYZER_NUMBER_OBJECT_CONVERSION = YES_AGGRESSIVE;
				CLANG_CXX_LANGUAGE_STANDARD = "gnu++14";
				CLANG_CXX_LIBRARY = "libc++";
				CLANG_ENABLE_MODULES = YES;
				CLANG_ENABLE_OBJC_ARC = YES;
				CLANG_ENABLE_OBJC_WEAK = YES;
				CLANG_WARN_BLOCK_CAPTURE_AUTORELEASING = YES;
				CLANG_WARN_BOOL_CONVERSION = YES;
				CLANG_WARN_COMMA = YES;
				CLANG_WARN_CONSTANT_CONVERSION = YES;
				CLANG_WARN_DEPRECATED_OBJC_IMPLEMENTATIONS = YES;
				CLANG_WARN_DIRECT_OBJC_ISA_USAGE = YES_ERROR;
				CLANG_WARN_DOCUMENTATION_COMMENTS = YES;
				CLANG_WARN_EMPTY_BODY = YES;
				CLANG_WARN_ENUM_CONVERSION = YES;
				CLANG_WARN_INFINITE_RECURSION = YES;
				CLANG_WARN_INT_CONVERSION = YES;
				CLANG_WARN_NON_LITERAL_NULL_CONVERSION = YES;
				CLANG_WARN_OBJC_IMPLICIT_RETAIN_SELF = YES;
				CLANG_WARN_OBJC_LITERAL_CONVERSION = YES;
				CLANG_WARN_OBJC_ROOT_CLASS = YES_ERROR;
				CLANG_WARN_QUOTED_INCLUDE_IN_FRAMEWORK_HEADER = YES;
				CLANG_WARN_RANGE_LOOP_ANALYSIS = YES;
				CLANG_WARN_STRICT_PROTOTYPES = YES;
				CLANG_WARN_SUSPICIOUS_MOVE = YES;
				CLANG_WARN_UNGUARDED_AVAILABILITY = YES_AGGRESSIVE;
				CLANG_WARN_UNREACHABLE_CODE = YES;
				CLANG_WARN__DUPLICATE_METHOD_MATCH = YES;
				COPY_PHASE_STRIP = NO;
				DEBUG_INFORMATION_FORMAT = "dwarf-with-dsym";
				ENABLE_NS_ASSERTIONS = NO;
				ENABLE_STRICT_OBJC_MSGSEND = YES;
				GCC_C_LANGUAGE_STANDARD = gnu11;
				GCC_NO_COMMON_BLOCKS = YES;
				GCC_WARN_64_TO_32_BIT_CONVERSION = YES;
				GCC_WARN_ABOUT_RETURN_TYPE = YES_ERROR;
				GCC_WARN_UNDECLARED_SELECTOR = YES;
				GCC_WARN_UNINITIALIZED_AUTOS = YES_AGGRESSIVE;
				GCC_WARN_UNUSED_FUNCTION = YES;
				GCC_WARN_UNUSED_VARIABLE = YES;
				IPHONEOS_DEPLOYMENT_TARGET = 14.3;
				MTL_ENABLE_DEBUG_INFO = NO;
				MTL_FAST_MATH = YES;
				SDKROOT = iphoneos;
				SWIFT_COMPILATION_MODE = wholemodule;
				SWIFT_OPTIMIZATION_LEVEL = "-O";
				VALIDATE_PRODUCT = YES;
			};
			name = Release;
		};
		44AE7C8625C083BE00C69F75 /* Debug */ = {
			isa = XCBuildConfiguration;
			buildSettings = {
				ASSETCATALOG_COMPILER_APPICON_NAME = AppIcon;
				ASSETCATALOG_COMPILER_GLOBAL_ACCENT_COLOR_NAME = AccentColor;
				CODE_SIGN_STYLE = Automatic;
				INFOPLIST_FILE = ChoiceFlag/Info.plist;
				LD_RUNPATH_SEARCH_PATHS = (
					"$(inherited)",
					"@executable_path/Frameworks",
				);
				PRODUCT_BUNDLE_IDENTIFIER = com.hackingwithswift.ChoiceFlag;
				PRODUCT_NAME = "$(TARGET_NAME)";
				SWIFT_VERSION = 5.0;
				TARGETED_DEVICE_FAMILY = "1,2";
			};
			name = Debug;
		};
		44AE7C8725C083BE00C69F75 /* Release */ = {
			isa = XCBuildConfiguration;
			buildSettings = {
				ASSETCATALOG_COMPILER_APPICON_NAME = AppIcon;
				ASSETCATALOG_COMPILER_GLOBAL_ACCENT_COLOR_NAME = AccentColor;
				CODE_SIGN_STYLE = Automatic;
				INFOPLIST_FILE = ChoiceFlag/Info.plist;
				LD_RUNPATH_SEARCH_PATHS = (
					"$(inherited)",
					"@executable_path/Frameworks",
				);
				PRODUCT_BUNDLE_IDENTIFIER = com.hackingwithswift.ChoiceFlag;
				PRODUCT_NAME = "$(TARGET_NAME)";
				SWIFT_VERSION = 5.0;
				TARGETED_DEVICE_FAMILY = "1,2";
			};
			name = Release;
		};
		44AE7C8925C083BE00C69F75 /* Debug */ = {
			isa = XCBuildConfiguration;
			buildSettings = {
				ALWAYS_EMBED_SWIFT_STANDARD_LIBRARIES = YES;
				BUNDLE_LOADER = "$(TEST_HOST)";
				CODE_SIGN_STYLE = Automatic;
				INFOPLIST_FILE = ChoiceFlagTests/Info.plist;
				IPHONEOS_DEPLOYMENT_TARGET = 14.3;
				LD_RUNPATH_SEARCH_PATHS = (
					"$(inherited)",
					"@executable_path/Frameworks",
					"@loader_path/Frameworks",
				);
				PRODUCT_BUNDLE_IDENTIFIER = com.hackingwithswift.ChoiceFlagTests;
				PRODUCT_NAME = "$(TARGET_NAME)";
				SWIFT_VERSION = 5.0;
				TARGETED_DEVICE_FAMILY = "1,2";
				TEST_HOST = "$(BUILT_PRODUCTS_DIR)/ChoiceFlag.app/ChoiceFlag";
			};
			name = Debug;
		};
		44AE7C8A25C083BE00C69F75 /* Release */ = {
			isa = XCBuildConfiguration;
			buildSettings = {
				ALWAYS_EMBED_SWIFT_STANDARD_LIBRARIES = YES;
				BUNDLE_LOADER = "$(TEST_HOST)";
				CODE_SIGN_STYLE = Automatic;
				INFOPLIST_FILE = ChoiceFlagTests/Info.plist;
				IPHONEOS_DEPLOYMENT_TARGET = 14.3;
				LD_RUNPATH_SEARCH_PATHS = (
					"$(inherited)",
					"@executable_path/Frameworks",
					"@loader_path/Frameworks",
				);
				PRODUCT_BUNDLE_IDENTIFIER = com.hackingwithswift.ChoiceFlagTests;
				PRODUCT_NAME = "$(TARGET_NAME)";
				SWIFT_VERSION = 5.0;
				TARGETED_DEVICE_FAMILY = "1,2";
				TEST_HOST = "$(BUILT_PRODUCTS_DIR)/ChoiceFlag.app/ChoiceFlag";
			};
			name = Release;
		};
		44AE7C8C25C083BE00C69F75 /* Debug */ = {
			isa = XCBuildConfiguration;
			buildSettings = {
				ALWAYS_EMBED_SWIFT_STANDARD_LIBRARIES = YES;
				CODE_SIGN_STYLE = Automatic;
				INFOPLIST_FILE = ChoiceFlagUITests/Info.plist;
				LD_RUNPATH_SEARCH_PATHS = (
					"$(inherited)",
					"@executable_path/Frameworks",
					"@loader_path/Frameworks",
				);
				PRODUCT_BUNDLE_IDENTIFIER = com.hackingwithswift.ChoiceFlagUITests;
				PRODUCT_NAME = "$(TARGET_NAME)";
				SWIFT_VERSION = 5.0;
				TARGETED_DEVICE_FAMILY = "1,2";
				TEST_TARGET_NAME = ChoiceFlag;
			};
			name = Debug;
		};
		44AE7C8D25C083BE00C69F75 /* Release */ = {
			isa = XCBuildConfiguration;
			buildSettings = {
				ALWAYS_EMBED_SWIFT_STANDARD_LIBRARIES = YES;
				CODE_SIGN_STYLE = Automatic;
				INFOPLIST_FILE = ChoiceFlagUITests/Info.plist;
				LD_RUNPATH_SEARCH_PATHS = (
					"$(inherited)",
					"@executable_path/Frameworks",
					"@loader_path/Frameworks",
				);
				PRODUCT_BUNDLE_IDENTIFIER = com.hackingwithswift.ChoiceFlagUITests;
				PRODUCT_NAME = "$(TARGET_NAME)";
				SWIFT_VERSION = 5.0;
				TARGETED_DEVICE_FAMILY = "1,2";
				TEST_TARGET_NAME = ChoiceFlag;
			};
			name = Release;
		};
/* End XCBuildConfiguration section */

/* Begin XCConfigurationList section */
		44AE7C5625C083BC00C69F75 /* Build configuration list for PBXProject "ChoiceFlag" */ = {
			isa = XCConfigurationList;
			buildConfigurations = (
				44AE7C8325C083BE00C69F75 /* Debug */,
				44AE7C8425C083BE00C69F75 /* Release */,
			);
			defaultConfigurationIsVisible = 0;
			defaultConfigurationName = Release;
		};
		44AE7C8525C083BE00C69F75 /* Build configuration list for PBXNativeTarget "ChoiceFlag" */ = {
			isa = XCConfigurationList;
			buildConfigurations = (
				44AE7C8625C083BE00C69F75 /* Debug */,
				44AE7C8725C083BE00C69F75 /* Release */,
			);
			defaultConfigurationIsVisible = 0;
			defaultConfigurationName = Release;
		};
		44AE7C8825C083BE00C69F75 /* Build configuration list for PBXNativeTarget "ChoiceFlagTests" */ = {
			isa = XCConfigurationList;
			buildConfigurations = (
				44AE7C8925C083BE00C69F75 /* Debug */,
				44AE7C8A25C083BE00C69F75 /* Release */,
			);
			defaultConfigurationIsVisible = 0;
			defaultConfigurationName = Release;
		};
		44AE7C8B25C083BE00C69F75 /* Build configuration list for PBXNativeTarget "ChoiceFlagUITests" */ = {
			isa = XCConfigurationList;
			buildConfigurations = (
				44AE7C8C25C083BE00C69F75 /* Debug */,
				44AE7C8D25C083BE00C69F75 /* Release */,
			);
			defaultConfigurationIsVisible = 0;
			defaultConfigurationName = Release;
		};
/* End XCConfigurationList section */
	};
	rootObject = 44AE7C5325C083BC00C69F75 /* Project object */;
}
